Microsoft Visual Studio Solution File, Format Version 12.00
# Visual Studio 2012
Project("{FAE04EC0-301F-11D3-BF4B-00C04F79EFBC}") = "bs_ancient", "bs_ancient.csproj", "{8270CFCA-B3A0-40CE-AEDD-25B00903B892}"
EndProject
Project("{FAE04EC0-301F-11D3-BF4B-00C04F79EFBC}") = "bs_ancient.Tests", "tests\bs_ancient.Tests\bs_ancient.Tests.csproj", "{C943615D-4F6D-46B2-97D8-CC7F1A27B8E1}"
EndProject
Global
	GlobalSection(SolutionConfigurationPlatforms) = preSolution
	Debug|Any CPU = Debug|Any CPU
	ExportDebug|Any CPU = ExportDebug|Any CPU
	ExportRelease|Any CPU = ExportRelease|Any CPU
	EndGlobalSection
	GlobalSection(ProjectConfigurationPlatforms) = postSolution
		{8270CFCA-B3A0-40CE-AEDD-25B00903B892}.Debug|Any CPU.ActiveCfg = Debug|Any CPU
		{8270CFCA-B3A0-40CE-AEDD-25B00903B892}.Debug|Any CPU.Build.0 = Debug|Any CPU
		{8270CFCA-B3A0-40CE-AEDD-25B00903B892}.ExportDebug|Any CPU.ActiveCfg = ExportDebug|Any CPU
		{8270CFCA-B3A0-40CE-AEDD-25B00903B892}.ExportDebug|Any CPU.Build.0 = ExportDebug|Any CPU
		{8270CFCA-B3A0-40CE-AEDD-25B00903B892}.ExportRelease|Any CPU.ActiveCfg = ExportRelease|Any CPU
		{8270CFCA-B3A0-40CE-AEDD-25B00903B892}.ExportRelease|Any CPU.Build.0 = ExportRelease|Any CPU
		{C943615D-4F6D-46B2-97D8-CC7F1A27B8E1}.Debug|Any CPU.ActiveCfg = Debug|Any CPU
		{C943615D-4F6D-46B2-97D8-CC7F1A27B8E1}.Debug|Any CPU.Build.0 = Debug|Any CPU
		{C943615D-4F6D-46B2-97D8-CC7F1A27B8E1}.ExportDebug|Any CPU.ActiveCfg = Debug|Any CPU
		{C943615D-4F6D-46B2-97D8-CC7F1A27B8E1}.ExportDebug|Any CPU.Build.0 = Debug|Any CPU
		{C943615D-4F6D-46B2-97D8-CC7F1A27B8E1}.ExportRelease|Any CPU.ActiveCfg = Release|Any CPU
		{C943615D-4F6D-46B2-97D8-CC7F1A27B8E1}.ExportRelease|Any CPU.Build.0 = Release|Any CPU
	EndGlobalSection
EndGlobal
